
Microsoft Visual Studio Solution File, Format Version 12.00
# Visual Studio 15
VisualStudioVersion = 15.0.26730.16
MinimumVisualStudioVersion = 10.0.40219.1
Project("{FAE04EC0-301F-11D3-BF4B-00C04F79EFBC}") = "ABIenCouche", "ABIenCouche\ABIenCouche.csproj", "{523DF486-4CE1-4CCD-8D79-08ADAE97F771}"
EndProject
Project("{FAE04EC0-301F-11D3-BF4B-00C04F79EFBC}") = "ABIclassesMetiers", "ABIclassesMetiers\ABIclassesMetiers.csproj", "{46C87214-4547-48B7-B07A-973C76198991}"
EndProject
Project("{FAE04EC0-301F-11D3-BF4B-00C04F79EFBC}") = "ClassesDAO", "ClassesDAO\ClassesDAO.csproj", "{5EAB929C-8121-4112-B1F5-7B6E7C5E06A6}"
EndProject
Project("{FAE04EC0-301F-11D3-BF4B-00C04F79EFBC}") = "WCFService", "WCFService\WCFService.csproj", "{1C1E204B-4DBB-4039-A0BE-80B63FE21042}"
EndProject
Global
	GlobalSection(SolutionConfigurationPlatforms) = preSolution
		Debug|Any CPU = Debug|Any CPU
		Release|Any CPU = Release|Any CPU
	EndGlobalSection
	GlobalSection(ProjectConfigurationPlatforms) = postSolution
		{523DF486-4CE1-4CCD-8D79-08ADAE97F771}.Debug|Any CPU.ActiveCfg = Debug|Any CPU
		{523DF486-4CE1-4CCD-8D79-08ADAE97F771}.Debug|Any CPU.Build.0 = Debug|Any CPU
		{523DF486-4CE1-4CCD-8D79-08ADAE97F771}.Release|Any CPU.ActiveCfg = Release|Any CPU
		{523DF486-4CE1-4CCD-8D79-08ADAE97F771}.Release|Any CPU.Build.0 = Release|Any CPU
		{46C87214-4547-48B7-B07A-973C76198991}.Debug|Any CPU.ActiveCfg = Debug|Any CPU
		{46C87214-4547-48B7-B07A-973C76198991}.Debug|Any CPU.Build.0 = Debug|Any CPU
		{46C87214-4547-48B7-B07A-973C76198991}.Release|Any CPU.ActiveCfg = Release|Any CPU
		{46C87214-4547-48B7-B07A-973C76198991}.Release|Any CPU.Build.0 = Release|Any CPU
		{5EAB929C-8121-4112-B1F5-7B6E7C5E06A6}.Debug|Any CPU.ActiveCfg = Debug|Any CPU
		{5EAB929C-8121-4112-B1F5-7B6E7C5E06A6}.Debug|Any CPU.Build.0 = Debug|Any CPU
		{5EAB929C-8121-4112-B1F5-7B6E7C5E06A6}.Release|Any CPU.ActiveCfg = Release|Any CPU
		{5EAB929C-8121-4112-B1F5-7B6E7C5E06A6}.Release|Any CPU.Build.0 = Release|Any CPU
		{1C1E204B-4DBB-4039-A0BE-80B63FE21042}.Debug|Any CPU.ActiveCfg = Debug|Any CPU
		{1C1E204B-4DBB-4039-A0BE-80B63FE21042}.Debug|Any CPU.Build.0 = Debug|Any CPU
		{1C1E204B-4DBB-4039-A0BE-80B63FE21042}.Release|Any CPU.ActiveCfg = Release|Any CPU
		{1C1E204B-4DBB-4039-A0BE-80B63FE21042}.Release|Any CPU.Build.0 = Release|Any CPU
	EndGlobalSection
	GlobalSection(SolutionProperties) = preSolution
		HideSolutionNode = FALSE
	EndGlobalSection
	GlobalSection(ExtensibilityGlobals) = postSolution
		SolutionGuid = {FE087A72-FED7-4E3E-BE56-C09CBED96502}
	EndGlobalSection
EndGlobal
